
Microsoft Visual Studio Solution File, Format Version 12.00
# Visual Studio Version 16
VisualStudioVersion = 16.0.29509.3
MinimumVisualStudioVersion = 15.0.26124.0
Project("{2150E333-8FDC-42A3-9474-1A3956D46DE8}") = "src", "src", "{032F2CC2-2437-46BF-9F54-A6DAA9FCCECF}"
EndProject
Project("{2150E333-8FDC-42A3-9474-1A3956D46DE8}") = "1 - Core", "1 - Core", "{D15AAC6C-D936-48B2-8E42-3D12DB464FD5}"
EndProject
Project("{2150E333-8FDC-42A3-9474-1A3956D46DE8}") = "1.1 - Domain", "1.1 - Domain", "{02068F7D-55BE-4F84-99B4-FBE448E9522E}"
EndProject
Project("{2150E333-8FDC-42A3-9474-1A3956D46DE8}") = "1.2 - Application", "1.2 - Application", "{97C7DC61-D5EA-476D-9DF6-23CB3C4F9707}"
EndProject
Project("{FAE04EC0-301F-11D3-BF4B-00C04F79EFBC}") = "Defiance.Bolton.Domain", "src\Defiance.Bolton.Domain\Defiance.Bolton.Domain.csproj", "{9A0A6BBD-C747-4298-83BC-31FACDDE51D5}"
EndProject
Project("{FAE04EC0-301F-11D3-BF4B-00C04F79EFBC}") = "Defiance.Bolton.Application", "src\Defiance.Bolton.Application\Defiance.Bolton.Application.csproj", "{CEFD8F85-41D7-4DA2-BADA-485B40FCFFF7}"
EndProject
Project("{2150E333-8FDC-42A3-9474-1A3956D46DE8}") = "2 - Infrastructure", "2 - Infrastructure", "{89C1D43B-FBC2-4EC6-8A39-B482CCA9B5C9}"
EndProject
Project("{2150E333-8FDC-42A3-9474-1A3956D46DE8}") = "3 - Presentation", "3 - Presentation", "{378366B1-0613-46C7-B5CA-6317C69B0D0B}"
EndProject
Project("{2150E333-8FDC-42A3-9474-1A3956D46DE8}") = "2.1 - Data", "2.1 - Data", "{9C1A7934-61E8-43C8-AC6D-DA9F4AC78F51}"
EndProject
Project("{2150E333-8FDC-42A3-9474-1A3956D46DE8}") = "2.2 - CrossCutting", "2.2 - CrossCutting", "{DBAE3B69-1D13-4530-8438-C4261611D4F2}"
EndProject
Project("{2150E333-8FDC-42A3-9474-1A3956D46DE8}") = "test", "test", "{B7C89881-D434-44BB-923F-B4BE167C1DD9}"
EndProject
Project("{FAE04EC0-301F-11D3-BF4B-00C04F79EFBC}") = "Defiance.Bolton.Infrastructure.Data", "src\Defiance.Bolton.Infrastructure.Data\Defiance.Bolton.Infrastructure.Data.csproj", "{A0806936-848E-4489-99FA-C05182789B80}"
EndProject
Project("{FAE04EC0-301F-11D3-BF4B-00C04F79EFBC}") = "Defiance.Bolton.Infrastructure.Ioc", "src\Defiance.Bolton.Infrastructure.Ioc\Defiance.Bolton.Infrastructure.Ioc.csproj", "{9BA7050E-38F0-4E4E-BDA3-7DD07103630F}"
EndProject
Project("{2150E333-8FDC-42A3-9474-1A3956D46DE8}") = "2.3 - Arquivei", "2.3 - Arquivei", "{0648A550-3024-430B-8A57-2071D861A472}"
EndProject
Project("{FAE04EC0-301F-11D3-BF4B-00C04F79EFBC}") = "Defiance.Bolton.Infrastructure.Arquivei", "src\Defiance.Bolton.Infrastructure.Arquivei\Defiance.Bolton.Infrastructure.Arquivei.csproj", "{239DB3C9-F0DA-4446-BDDE-FBA7DE65E706}"
EndProject
Project("{FAE04EC0-301F-11D3-BF4B-00C04F79EFBC}") = "Defiance.Bolton.Presentation.API", "src\Defiance.Bolton.Presentation.API\Defiance.Bolton.Presentation.API.csproj", "{B6248A96-A65C-4B02-8661-FC92F13927EE}"
EndProject
Global
	GlobalSection(SolutionConfigurationPlatforms) = preSolution
		Debug|Any CPU = Debug|Any CPU
		Debug|x64 = Debug|x64
		Debug|x86 = Debug|x86
		Release|Any CPU = Release|Any CPU
		Release|x64 = Release|x64
		Release|x86 = Release|x86
	EndGlobalSection
	GlobalSection(ProjectConfigurationPlatforms) = postSolution
		{9A0A6BBD-C747-4298-83BC-31FACDDE51D5}.Debug|Any CPU.ActiveCfg = Debug|Any CPU
		{9A0A6BBD-C747-4298-83BC-31FACDDE51D5}.Debug|Any CPU.Build.0 = Debug|Any CPU
		{9A0A6BBD-C747-4298-83BC-31FACDDE51D5}.Debug|x64.ActiveCfg = Debug|Any CPU
		{9A0A6BBD-C747-4298-83BC-31FACDDE51D5}.Debug|x64.Build.0 = Debug|Any CPU
		{9A0A6BBD-C747-4298-83BC-31FACDDE51D5}.Debug|x86.ActiveCfg = Debug|Any CPU
		{9A0A6BBD-C747-4298-83BC-31FACDDE51D5}.Debug|x86.Build.0 = Debug|Any CPU
		{9A0A6BBD-C747-4298-83BC-31FACDDE51D5}.Release|Any CPU.ActiveCfg = Release|Any CPU
		{9A0A6BBD-C747-4298-83BC-31FACDDE51D5}.Release|Any CPU.Build.0 = Release|Any CPU
		{9A0A6BBD-C747-4298-83BC-31FACDDE51D5}.Release|x64.ActiveCfg = Release|Any CPU
		{9A0A6BBD-C747-4298-83BC-31FACDDE51D5}.Release|x64.Build.0 = Release|Any CPU
		{9A0A6BBD-C747-4298-83BC-31FACDDE51D5}.Release|x86.ActiveCfg = Release|Any CPU
		{9A0A6BBD-C747-4298-83BC-31FACDDE51D5}.Release|x86.Build.0 = Release|Any CPU
		{CEFD8F85-41D7-4DA2-BADA-485B40FCFFF7}.Debug|Any CPU.ActiveCfg = Debug|Any CPU
		{CEFD8F85-41D7-4DA2-BADA-485B40FCFFF7}.Debug|Any CPU.Build.0 = Debug|Any CPU
		{CEFD8F85-41D7-4DA2-BADA-485B40FCFFF7}.Debug|x64.ActiveCfg = Debug|Any CPU
		{CEFD8F85-41D7-4DA2-BADA-485B40FCFFF7}.Debug|x64.Build.0 = Debug|Any CPU
		{CEFD8F85-41D7-4DA2-BADA-485B40FCFFF7}.Debug|x86.ActiveCfg = Debug|Any CPU
		{CEFD8F85-41D7-4DA2-BADA-485B40FCFFF7}.Debug|x86.Build.0 = Debug|Any CPU
		{CEFD8F85-41D7-4DA2-BADA-485B40FCFFF7}.Release|Any CPU.ActiveCfg = Release|Any CPU
		{CEFD8F85-41D7-4DA2-BADA-485B40FCFFF7}.Release|Any CPU.Build.0 = Release|Any CPU
		{CEFD8F85-41D7-4DA2-BADA-485B40FCFFF7}.Release|x64.ActiveCfg = Release|Any CPU
		{CEFD8F85-41D7-4DA2-BADA-485B40FCFFF7}.Release|x64.Build.0 = Release|Any CPU
		{CEFD8F85-41D7-4DA2-BADA-485B40FCFFF7}.Release|x86.ActiveCfg = Release|Any CPU
		{CEFD8F85-41D7-4DA2-BADA-485B40FCFFF7}.Release|x86.Build.0 = Release|Any CPU
		{A0806936-848E-4489-99FA-C05182789B80}.Debug|Any CPU.ActiveCfg = Debug|Any CPU
		{A0806936-848E-4489-99FA-C05182789B80}.Debug|Any CPU.Build.0 = Debug|Any CPU
		{A0806936-848E-4489-99FA-C05182789B80}.Debug|x64.ActiveCfg = Debug|Any CPU
		{A0806936-848E-4489-99FA-C05182789B80}.Debug|x64.Build.0 = Debug|Any CPU
		{A0806936-848E-4489-99FA-C05182789B80}.Debug|x86.ActiveCfg = Debug|Any CPU
		{A0806936-848E-4489-99FA-C05182789B80}.Debug|x86.Build.0 = Debug|Any CPU
		{A0806936-848E-4489-99FA-C05182789B80}.Release|Any CPU.ActiveCfg = Release|Any CPU
		{A0806936-848E-4489-99FA-C05182789B80}.Release|Any CPU.Build.0 = Release|Any CPU
		{A0806936-848E-4489-99FA-C05182789B80}.Release|x64.ActiveCfg = Release|Any CPU
		{A0806936-848E-4489-99FA-C05182789B80}.Release|x64.Build.0 = Release|Any CPU
		{A0806936-848E-4489-99FA-C05182789B80}.Release|x86.ActiveCfg = Release|Any CPU
		{A0806936-848E-4489-99FA-C05182789B80}.Release|x86.Build.0 = Release|Any CPU
		{9BA7050E-38F0-4E4E-BDA3-7DD07103630F}.Debug|Any CPU.ActiveCfg = Debug|Any CPU
		{9BA7050E-38F0-4E4E-BDA3-7DD07103630F}.Debug|Any CPU.Build.0 = Debug|Any CPU
		{9BA7050E-38F0-4E4E-BDA3-7DD07103630F}.Debug|x64.ActiveCfg = Debug|Any CPU
		{9BA7050E-38F0-4E4E-BDA3-7DD07103630F}.Debug|x64.Build.0 = Debug|Any CPU
		{9BA7050E-38F0-4E4E-BDA3-7DD07103630F}.Debug|x86.ActiveCfg = Debug|Any CPU
		{9BA7050E-38F0-4E4E-BDA3-7DD07103630F}.Debug|x86.Build.0 = Debug|Any CPU
		{9BA7050E-38F0-4E4E-BDA3-7DD07103630F}.Release|Any CPU.ActiveCfg = Release|Any CPU
		{9BA7050E-38F0-4E4E-BDA3-7DD07103630F}.Release|Any CPU.Build.0 = Release|Any CPU
		{9BA7050E-38F0-4E4E-BDA3-7DD07103630F}.Release|x64.ActiveCfg = Release|Any CPU
		{9BA7050E-38F0-4E4E-BDA3-7DD07103630F}.Release|x64.Build.0 = Release|Any CPU
		{9BA7050E-38F0-4E4E-BDA3-7DD07103630F}.Release|x86.ActiveCfg = Release|Any CPU
		{9BA7050E-38F0-4E4E-BDA3-7DD07103630F}.Release|x86.Build.0 = Release|Any CPU
		{239DB3C9-F0DA-4446-BDDE-FBA7DE65E706}.Debug|Any CPU.ActiveCfg = Debug|Any CPU
		{239DB3C9-F0DA-4446-BDDE-FBA7DE65E706}.Debug|Any CPU.Build.0 = Debug|Any CPU
		{239DB3C9-F0DA-4446-BDDE-FBA7DE65E706}.Debug|x64.ActiveCfg = Debug|Any CPU
		{239DB3C9-F0DA-4446-BDDE-FBA7DE65E706}.Debug|x64.Build.0 = Debug|Any CPU
		{239DB3C9-F0DA-4446-BDDE-FBA7DE65E706}.Debug|x86.ActiveCfg = Debug|Any CPU
		{239DB3C9-F0DA-4446-BDDE-FBA7DE65E706}.Debug|x86.Build.0 = Debug|Any CPU
		{239DB3C9-F0DA-4446-BDDE-FBA7DE65E706}.Release|Any CPU.ActiveCfg = Release|Any CPU
		{239DB3C9-F0DA-4446-BDDE-FBA7DE65E706}.Release|Any CPU.Build.0 = Release|Any CPU
		{239DB3C9-F0DA-4446-BDDE-FBA7DE65E706}.Release|x64.ActiveCfg = Release|Any CPU
		{239DB3C9-F0DA-4446-BDDE-FBA7DE65E706}.Release|x64.Build.0 = Release|Any CPU
		{239DB3C9-F0DA-4446-BDDE-FBA7DE65E706}.Release|x86.ActiveCfg = Release|Any CPU
		{239DB3C9-F0DA-4446-BDDE-FBA7DE65E706}.Release|x86.Build.0 = Release|Any CPU
		{B6248A96-A65C-4B02-8661-FC92F13927EE}.Debug|Any CPU.ActiveCfg = Debug|Any CPU
		{B6248A96-A65C-4B02-8661-FC92F13927EE}.Debug|Any CPU.Build.0 = Debug|Any CPU
		{B6248A96-A65C-4B02-8661-FC92F13927EE}.Debug|x64.ActiveCfg = Debug|Any CPU
		{B6248A96-A65C-4B02-8661-FC92F13927EE}.Debug|x64.Build.0 = Debug|Any CPU
		{B6248A96-A65C-4B02-8661-FC92F13927EE}.Debug|x86.ActiveCfg = Debug|Any CPU
		{B6248A96-A65C-4B02-8661-FC92F13927EE}.Debug|x86.Build.0 = Debug|Any CPU
		{B6248A96-A65C-4B02-8661-FC92F13927EE}.Release|Any CPU.ActiveCfg = Release|Any CPU
		{B6248A96-A65C-4B02-8661-FC92F13927EE}.Release|Any CPU.Build.0 = Release|Any CPU
		{B6248A96-A65C-4B02-8661-FC92F13927EE}.Release|x64.ActiveCfg = Release|Any CPU
		{B6248A96-A65C-4B02-8661-FC92F13927EE}.Release|x64.Build.0 = Release|Any CPU
		{B6248A96-A65C-4B02-8661-FC92F13927EE}.Release|x86.ActiveCfg = Release|Any CPU
		{B6248A96-A65C-4B02-8661-FC92F13927EE}.Release|x86.Build.0 = Release|Any CPU
	EndGlobalSection
	GlobalSection(SolutionProperties) = preSolution
		HideSolutionNode = FALSE
	EndGlobalSection
	GlobalSection(NestedProjects) = preSolution
		{D15AAC6C-D936-48B2-8E42-3D12DB464FD5} = {032F2CC2-2437-46BF-9F54-A6DAA9FCCECF}
		{02068F7D-55BE-4F84-99B4-FBE448E9522E} = {D15AAC6C-D936-48B2-8E42-3D12DB464FD5}
		{97C7DC61-D5EA-476D-9DF6-23CB3C4F9707} = {D15AAC6C-D936-48B2-8E42-3D12DB464FD5}
		{9A0A6BBD-C747-4298-83BC-31FACDDE51D5} = {02068F7D-55BE-4F84-99B4-FBE448E9522E}
		{CEFD8F85-41D7-4DA2-BADA-485B40FCFFF7} = {97C7DC61-D5EA-476D-9DF6-23CB3C4F9707}
		{89C1D43B-FBC2-4EC6-8A39-B482CCA9B5C9} = {032F2CC2-2437-46BF-9F54-A6DAA9FCCECF}
		{378366B1-0613-46C7-B5CA-6317C69B0D0B} = {032F2CC2-2437-46BF-9F54-A6DAA9FCCECF}
		{9C1A7934-61E8-43C8-AC6D-DA9F4AC78F51} = {89C1D43B-FBC2-4EC6-8A39-B482CCA9B5C9}
		{DBAE3B69-1D13-4530-8438-C4261611D4F2} = {89C1D43B-FBC2-4EC6-8A39-B482CCA9B5C9}
		{A0806936-848E-4489-99FA-C05182789B80} = {9C1A7934-61E8-43C8-AC6D-DA9F4AC78F51}
		{9BA7050E-38F0-4E4E-BDA3-7DD07103630F} = {DBAE3B69-1D13-4530-8438-C4261611D4F2}
		{0648A550-3024-430B-8A57-2071D861A472} = {89C1D43B-FBC2-4EC6-8A39-B482CCA9B5C9}
		{239DB3C9-F0DA-4446-BDDE-FBA7DE65E706} = {0648A550-3024-430B-8A57-2071D861A472}
		{B6248A96-A65C-4B02-8661-FC92F13927EE} = {378366B1-0613-46C7-B5CA-6317C69B0D0B}
	EndGlobalSection
	GlobalSection(ExtensibilityGlobals) = postSolution
		SolutionGuid = {E995AA45-404E-476F-B933-D2312C23CE12}
	EndGlobalSection
EndGlobal
